
Microsoft Visual Studio Solution File, Format Version 11.00
# Visual Studio 2010
Project("{FAE04EC0-301F-11D3-BF4B-00C04F79EFBC}") = "MarsRoverChallenge", "src\MarsRoverChallenge\MarsRoverChallenge.csproj", "{1DC3C589-1B60-426C-8E86-C385295E40DD}"
EndProject
Project("{FAE04EC0-301F-11D3-BF4B-00C04F79EFBC}") = "MarsRoverChallenge.Tests", "test\MarsRoverChallenge.Tests\MarsRoverChallenge.Tests.csproj", "{E43FCD93-2536-4320-BD8E-83E25D01DC45}"
EndProject
Global
	GlobalSection(SolutionConfigurationPlatforms) = preSolution
		Debug|Any CPU = Debug|Any CPU
		Release|Any CPU = Release|Any CPU
	EndGlobalSection
	GlobalSection(ProjectConfigurationPlatforms) = postSolution
		{1DC3C589-1B60-426C-8E86-C385295E40DD}.Debug|Any CPU.ActiveCfg = Debug|Any CPU
		{1DC3C589-1B60-426C-8E86-C385295E40DD}.Debug|Any CPU.Build.0 = Debug|Any CPU
		{1DC3C589-1B60-426C-8E86-C385295E40DD}.Release|Any CPU.ActiveCfg = Release|Any CPU
		{1DC3C589-1B60-426C-8E86-C385295E40DD}.Release|Any CPU.Build.0 = Release|Any CPU
		{E43FCD93-2536-4320-BD8E-83E25D01DC45}.Debug|Any CPU.ActiveCfg = Debug|Any CPU
		{E43FCD93-2536-4320-BD8E-83E25D01DC45}.Debug|Any CPU.Build.0 = Debug|Any CPU
		{E43FCD93-2536-4320-BD8E-83E25D01DC45}.Release|Any CPU.ActiveCfg = Release|Any CPU
		{E43FCD93-2536-4320-BD8E-83E25D01DC45}.Release|Any CPU.Build.0 = Release|Any CPU
	EndGlobalSection
	GlobalSection(SolutionProperties) = preSolution
		HideSolutionNode = FALSE
	EndGlobalSection
EndGlobal
